
Microsoft Visual Studio Solution File, Format Version 12.00
# Visual Studio 15
VisualStudioVersion = 15.0.26730.3
MinimumVisualStudioVersion = 10.0.40219.1
Project("{FAE04EC0-301F-11D3-BF4B-00C04F79EFBC}") = "GRP.Data", "GRP.Data\GRP.Data.csproj", "{0DE90516-3951-4320-A747-F503A4D520E2}"
EndProject
Project("{FAE04EC0-301F-11D3-BF4B-00C04F79EFBC}") = "GRP.Web", "GRP.Web\GRP.Web.csproj", "{F9E79083-EA8D-42B2-811A-0AE1ECBDFE4B}"
EndProject
Global
	GlobalSection(SolutionConfigurationPlatforms) = preSolution
		Debug|Any CPU = Debug|Any CPU
		Release|Any CPU = Release|Any CPU
	EndGlobalSection
	GlobalSection(ProjectConfigurationPlatforms) = postSolution
		{0DE90516-3951-4320-A747-F503A4D520E2}.Debug|Any CPU.ActiveCfg = Debug|Any CPU
		{0DE90516-3951-4320-A747-F503A4D520E2}.Debug|Any CPU.Build.0 = Debug|Any CPU
		{0DE90516-3951-4320-A747-F503A4D520E2}.Release|Any CPU.ActiveCfg = Release|Any CPU
		{0DE90516-3951-4320-A747-F503A4D520E2}.Release|Any CPU.Build.0 = Release|Any CPU
		{F9E79083-EA8D-42B2-811A-0AE1ECBDFE4B}.Debug|Any CPU.ActiveCfg = Debug|Any CPU
		{F9E79083-EA8D-42B2-811A-0AE1ECBDFE4B}.Debug|Any CPU.Build.0 = Debug|Any CPU
		{F9E79083-EA8D-42B2-811A-0AE1ECBDFE4B}.Release|Any CPU.ActiveCfg = Release|Any CPU
		{F9E79083-EA8D-42B2-811A-0AE1ECBDFE4B}.Release|Any CPU.Build.0 = Release|Any CPU
	EndGlobalSection
	GlobalSection(SolutionProperties) = preSolution
		HideSolutionNode = FALSE
	EndGlobalSection
	GlobalSection(ExtensibilityGlobals) = postSolution
		SolutionGuid = {051FA3D3-2980-4090-B5BD-D79A1CDF495F}
	EndGlobalSection
EndGlobal
